// !$*UTF8*$!
{
	archiveVersion = 1;
	classes = {
	};
	objectVersion = 46;
	objects = {

/* Begin PBXBuildFile section */
		224150F61A1A6845003EFB13 /* modulo_tests.m in Sources */ = {isa = PBXBuildFile; fileRef = 224150F51A1A6845003EFB13 /* modulo_tests.m */; };
		224150FB1A1A68B7003EFB13 /* MODProcessorTest.m in Sources */ = {isa = PBXBuildFile; fileRef = 224150FA1A1A68B7003EFB13 /* MODProcessorTest.m */; };
		224150FC1A1A8B1A003EFB13 /* MODProcessor.m in Sources */ = {isa = PBXBuildFile; fileRef = CA6C006519D9DA6B00803D48 /* MODProcessor.m */; };
		224150FD1A1A8B29003EFB13 /* MODSpecModel.m in Sources */ = {isa = PBXBuildFile; fileRef = CAE0B81C19A1C1AF00E11FF8 /* MODSpecModel.m */; };
		224150FE1A1A8B2E003EFB13 /* SDCommandLineParser.m in Sources */ = {isa = PBXBuildFile; fileRef = CA44AFFD199E7B0300AE1A15 /* SDCommandLineParser.m */; };
		224150FF1A1A8B5C003EFB13 /* SDLog.m in Sources */ = {isa = PBXBuildFile; fileRef = CA9AB68719A077DF00108B45 /* SDLog.m */; };
		224151001A1A8B5C003EFB13 /* NSString+SDExtensions.m in Sources */ = {isa = PBXBuildFile; fileRef = CA9AB68419A077BD00108B45 /* NSString+SDExtensions.m */; };
		224151011A1A8B5C003EFB13 /* NSData+SDExtensions.m in Sources */ = {isa = PBXBuildFile; fileRef = CA9AB68A19A0783E00108B45 /* NSData+SDExtensions.m */; };
		224151021A1A8B5C003EFB13 /* NSDictionary+SDExtensions.m in Sources */ = {isa = PBXBuildFile; fileRef = CA9AB68119A076CD00108B45 /* NSDictionary+SDExtensions.m */; };
		224151031A1A8B5C003EFB13 /* NSObject+SDExtensions.m in Sources */ = {isa = PBXBuildFile; fileRef = CA9AB67E19A0768100108B45 /* NSObject+SDExtensions.m */; };
		224151041A1A8B5C003EFB13 /* SDDataMap.m in Sources */ = {isa = PBXBuildFile; fileRef = CA9AB67819A0763D00108B45 /* SDDataMap.m */; };
		224151051A1A8B5C003EFB13 /* SDModelObject.m in Sources */ = {isa = PBXBuildFile; fileRef = CA9AB67A19A0763D00108B45 /* SDModelObject.m */; };
		224151061A1A8B67003EFB13 /* NSString+MODExtensions.m in Sources */ = {isa = PBXBuildFile; fileRef = CA8A56DE19EDBB990053168E /* NSString+MODExtensions.m */; };
		224151071A1A8B67003EFB13 /* NSFileManager+MODExtensions.m in Sources */ = {isa = PBXBuildFile; fileRef = CAFB046319FE3E7B000E2E04 /* NSFileManager+MODExtensions.m */; };
		224151081A1A8B79003EFB13 /* MODCommand.m in Sources */ = {isa = PBXBuildFile; fileRef = CA9AB671199F352000108B45 /* MODCommand.m */; };
		224151091A1A8B79003EFB13 /* MODVersionCommand.m in Sources */ = {isa = PBXBuildFile; fileRef = CA9AB68D19A07C5500108B45 /* MODVersionCommand.m */; };
		2241510A1A1A8B79003EFB13 /* MODHelpCommand.m in Sources */ = {isa = PBXBuildFile; fileRef = CA9AB69119A080C400108B45 /* MODHelpCommand.m */; };
		2241510B1A1A8B79003EFB13 /* MODSetCommand.m in Sources */ = {isa = PBXBuildFile; fileRef = CA9AB674199F43F100108B45 /* MODSetCommand.m */; };
		2241510C1A1A8B79003EFB13 /* MODInitCommand.m in Sources */ = {isa = PBXBuildFile; fileRef = CAE0B82819A1C77100E11FF8 /* MODInitCommand.m */; };
		2241510D1A1A8B79003EFB13 /* MODAddCommand.m in Sources */ = {isa = PBXBuildFile; fileRef = CAE0B82B19A269D500E11FF8 /* MODAddCommand.m */; };
		2241510E1A1A8B79003EFB13 /* MODRemoveCommand.m in Sources */ = {isa = PBXBuildFile; fileRef = CA6C005E19D7456400803D48 /* MODRemoveCommand.m */; };
		2241510F1A1A8B79003EFB13 /* MODUpdateCommand.m in Sources */ = {isa = PBXBuildFile; fileRef = CA6C006819DB2C4700803D48 /* MODUpdateCommand.m */; };
		224151101A1A8B79003EFB13 /* MODBranchCommand.m in Sources */ = {isa = PBXBuildFile; fileRef = CAFB04661A00AB7E000E2E04 /* MODBranchCommand.m */; };
		224151111A1A8B79003EFB13 /* MODListCommand.m in Sources */ = {isa = PBXBuildFile; fileRef = CA6B80EB1A080F6B00A77CF2 /* MODListCommand.m */; };
		CA44AFF6199E79CB00AE1A15 /* main.m in Sources */ = {isa = PBXBuildFile; fileRef = CA44AFF5199E79CB00AE1A15 /* main.m */; };
		CA44AFFE199E7B0300AE1A15 /* SDCommandLineParser.m in Sources */ = {isa = PBXBuildFile; fileRef = CA44AFFD199E7B0300AE1A15 /* SDCommandLineParser.m */; };
		CA6B80EC1A080F6B00A77CF2 /* MODListCommand.m in Sources */ = {isa = PBXBuildFile; fileRef = CA6B80EB1A080F6B00A77CF2 /* MODListCommand.m */; };
		CA6C005F19D7456400803D48 /* MODRemoveCommand.m in Sources */ = {isa = PBXBuildFile; fileRef = CA6C005E19D7456400803D48 /* MODRemoveCommand.m */; };
		CA6C006319D9D27D00803D48 /* modulo in CopyFiles */ = {isa = PBXBuildFile; fileRef = CA44AFF2199E79CB00AE1A15 /* modulo */; };
		CA6C006619D9DA6B00803D48 /* MODProcessor.m in Sources */ = {isa = PBXBuildFile; fileRef = CA6C006519D9DA6B00803D48 /* MODProcessor.m */; };
		CA6C006919DB2C4700803D48 /* MODUpdateCommand.m in Sources */ = {isa = PBXBuildFile; fileRef = CA6C006819DB2C4700803D48 /* MODUpdateCommand.m */; };
		CA8A56DF19EDBB990053168E /* NSString+MODExtensions.m in Sources */ = {isa = PBXBuildFile; fileRef = CA8A56DE19EDBB990053168E /* NSString+MODExtensions.m */; };
		CA9AB672199F352000108B45 /* MODCommand.m in Sources */ = {isa = PBXBuildFile; fileRef = CA9AB671199F352000108B45 /* MODCommand.m */; };
		CA9AB675199F43F100108B45 /* MODSetCommand.m in Sources */ = {isa = PBXBuildFile; fileRef = CA9AB674199F43F100108B45 /* MODSetCommand.m */; };
		CA9AB67B19A0763D00108B45 /* SDDataMap.m in Sources */ = {isa = PBXBuildFile; fileRef = CA9AB67819A0763D00108B45 /* SDDataMap.m */; };
		CA9AB67C19A0763D00108B45 /* SDModelObject.m in Sources */ = {isa = PBXBuildFile; fileRef = CA9AB67A19A0763D00108B45 /* SDModelObject.m */; };
		CA9AB67F19A0768100108B45 /* NSObject+SDExtensions.m in Sources */ = {isa = PBXBuildFile; fileRef = CA9AB67E19A0768100108B45 /* NSObject+SDExtensions.m */; };
		CA9AB68219A076CD00108B45 /* NSDictionary+SDExtensions.m in Sources */ = {isa = PBXBuildFile; fileRef = CA9AB68119A076CD00108B45 /* NSDictionary+SDExtensions.m */; };
		CA9AB68519A077BD00108B45 /* NSString+SDExtensions.m in Sources */ = {isa = PBXBuildFile; fileRef = CA9AB68419A077BD00108B45 /* NSString+SDExtensions.m */; };
		CA9AB68819A077DF00108B45 /* SDLog.m in Sources */ = {isa = PBXBuildFile; fileRef = CA9AB68719A077DF00108B45 /* SDLog.m */; };
		CA9AB68B19A0783E00108B45 /* NSData+SDExtensions.m in Sources */ = {isa = PBXBuildFile; fileRef = CA9AB68A19A0783E00108B45 /* NSData+SDExtensions.m */; };
		CA9AB68E19A07C5500108B45 /* MODVersionCommand.m in Sources */ = {isa = PBXBuildFile; fileRef = CA9AB68D19A07C5500108B45 /* MODVersionCommand.m */; };
		CA9AB69219A080C400108B45 /* MODHelpCommand.m in Sources */ = {isa = PBXBuildFile; fileRef = CA9AB69119A080C400108B45 /* MODHelpCommand.m */; };
		CAE0B81D19A1C1AF00E11FF8 /* MODSpecModel.m in Sources */ = {isa = PBXBuildFile; fileRef = CAE0B81C19A1C1AF00E11FF8 /* MODSpecModel.m */; };
		CAE0B82919A1C77100E11FF8 /* MODInitCommand.m in Sources */ = {isa = PBXBuildFile; fileRef = CAE0B82819A1C77100E11FF8 /* MODInitCommand.m */; };
		CAE0B82C19A269D500E11FF8 /* MODAddCommand.m in Sources */ = {isa = PBXBuildFile; fileRef = CAE0B82B19A269D500E11FF8 /* MODAddCommand.m */; };
		CAFB046419FE3E7B000E2E04 /* NSFileManager+MODExtensions.m in Sources */ = {isa = PBXBuildFile; fileRef = CAFB046319FE3E7B000E2E04 /* NSFileManager+MODExtensions.m */; };
		CAFB04671A00AB7E000E2E04 /* MODBranchCommand.m in Sources */ = {isa = PBXBuildFile; fileRef = CAFB04661A00AB7E000E2E04 /* MODBranchCommand.m */; };
/* End PBXBuildFile section */

/* Begin PBXCopyFilesBuildPhase section */
		CA44AFF0199E79CB00AE1A15 /* CopyFiles */ = {
			isa = PBXCopyFilesBuildPhase;
			buildActionMask = 12;
			dstPath = "~";
			dstSubfolderSpec = 0;
			files = (
				CA6C006319D9D27D00803D48 /* modulo in CopyFiles */,
			);
			runOnlyForDeploymentPostprocessing = 0;
		};
/* End PBXCopyFilesBuildPhase section */

/* Begin PBXFileReference section */
		224150F11A1A6845003EFB13 /* modulo-tests.xctest */ = {isa = PBXFileReference; explicitFileType = wrapper.cfbundle; includeInIndex = 0; path = "modulo-tests.xctest"; sourceTree = BUILT_PRODUCTS_DIR; };
		224150F41A1A6845003EFB13 /* Info.plist */ = {isa = PBXFileReference; lastKnownFileType = text.plist.xml; path = Info.plist; sourceTree = "<group>"; };
		224150F51A1A6845003EFB13 /* modulo_tests.m */ = {isa = PBXFileReference; lastKnownFileType = sourcecode.c.objc; path = modulo_tests.m; sourceTree = "<group>"; };
		224150FA1A1A68B7003EFB13 /* MODProcessorTest.m */ = {isa = PBXFileReference; fileEncoding = 4; lastKnownFileType = sourcecode.c.objc; path = MODProcessorTest.m; sourceTree = "<group>"; };
		CA44AFF2199E79CB00AE1A15 /* modulo */ = {isa = PBXFileReference; explicitFileType = "compiled.mach-o.executable"; includeInIndex = 0; path = modulo; sourceTree = BUILT_PRODUCTS_DIR; };
		CA44AFF5199E79CB00AE1A15 /* main.m */ = {isa = PBXFileReference; lastKnownFileType = sourcecode.c.objc; path = main.m; sourceTree = "<group>"; };
		CA44AFFC199E7B0300AE1A15 /* SDCommandLineParser.h */ = {isa = PBXFileReference; fileEncoding = 4; lastKnownFileType = sourcecode.c.h; path = SDCommandLineParser.h; sourceTree = "<group>"; };
		CA44AFFD199E7B0300AE1A15 /* SDCommandLineParser.m */ = {isa = PBXFileReference; fileEncoding = 4; lastKnownFileType = sourcecode.c.objc; path = SDCommandLineParser.m; sourceTree = "<group>"; };
		CA44B000199E84AB00AE1A15 /* Global.xcconfig */ = {isa = PBXFileReference; fileEncoding = 4; lastKnownFileType = text.xcconfig; path = Global.xcconfig; sourceTree = "<group>"; };
		CA44B001199E84AB00AE1A15 /* Project-Debug.xcconfig */ = {isa = PBXFileReference; fileEncoding = 4; lastKnownFileType = text.xcconfig; path = "Project-Debug.xcconfig"; sourceTree = "<group>"; };
		CA44B002199E84AB00AE1A15 /* Project-Release.xcconfig */ = {isa = PBXFileReference; fileEncoding = 4; lastKnownFileType = text.xcconfig; path = "Project-Release.xcconfig"; sourceTree = "<group>"; };
		CA44B004199E84AB00AE1A15 /* ObjectiveCGenerics.h */ = {isa = PBXFileReference; fileEncoding = 4; lastKnownFileType = sourcecode.c.h; path = ObjectiveCGenerics.h; sourceTree = "<group>"; };
		CA44B005199E84AB00AE1A15 /* SDMacros.h */ = {isa = PBXFileReference; fileEncoding = 4; lastKnownFileType = sourcecode.c.h; path = SDMacros.h; sourceTree = "<group>"; };
		CA6B80EA1A080F6B00A77CF2 /* MODListCommand.h */ = {isa = PBXFileReference; fileEncoding = 4; lastKnownFileType = sourcecode.c.h; path = MODListCommand.h; sourceTree = "<group>"; };
		CA6B80EB1A080F6B00A77CF2 /* MODListCommand.m */ = {isa = PBXFileReference; fileEncoding = 4; lastKnownFileType = sourcecode.c.objc; path = MODListCommand.m; sourceTree = "<group>"; };
		CA6C005D19D7456400803D48 /* MODRemoveCommand.h */ = {isa = PBXFileReference; fileEncoding = 4; lastKnownFileType = sourcecode.c.h; path = MODRemoveCommand.h; sourceTree = "<group>"; };
		CA6C005E19D7456400803D48 /* MODRemoveCommand.m */ = {isa = PBXFileReference; fileEncoding = 4; lastKnownFileType = sourcecode.c.objc; path = MODRemoveCommand.m; sourceTree = "<group>"; };
		CA6C006419D9DA6B00803D48 /* MODProcessor.h */ = {isa = PBXFileReference; fileEncoding = 4; lastKnownFileType = sourcecode.c.h; path = MODProcessor.h; sourceTree = "<group>"; };
		CA6C006519D9DA6B00803D48 /* MODProcessor.m */ = {isa = PBXFileReference; fileEncoding = 4; lastKnownFileType = sourcecode.c.objc; path = MODProcessor.m; sourceTree = "<group>"; };
		CA6C006719DB2C4700803D48 /* MODUpdateCommand.h */ = {isa = PBXFileReference; fileEncoding = 4; lastKnownFileType = sourcecode.c.h; path = MODUpdateCommand.h; sourceTree = "<group>"; };
		CA6C006819DB2C4700803D48 /* MODUpdateCommand.m */ = {isa = PBXFileReference; fileEncoding = 4; lastKnownFileType = sourcecode.c.objc; path = MODUpdateCommand.m; sourceTree = "<group>"; };
		CA8A56DD19EDBB990053168E /* NSString+MODExtensions.h */ = {isa = PBXFileReference; fileEncoding = 4; lastKnownFileType = sourcecode.c.h; path = "NSString+MODExtensions.h"; sourceTree = "<group>"; };
		CA8A56DE19EDBB990053168E /* NSString+MODExtensions.m */ = {isa = PBXFileReference; fileEncoding = 4; lastKnownFileType = sourcecode.c.objc; path = "NSString+MODExtensions.m"; sourceTree = "<group>"; };
		CA9AB670199F352000108B45 /* MODCommand.h */ = {isa = PBXFileReference; fileEncoding = 4; lastKnownFileType = sourcecode.c.h; path = MODCommand.h; sourceTree = "<group>"; };
		CA9AB671199F352000108B45 /* MODCommand.m */ = {isa = PBXFileReference; fileEncoding = 4; lastKnownFileType = sourcecode.c.objc; path = MODCommand.m; sourceTree = "<group>"; };
		CA9AB673199F43F100108B45 /* MODSetCommand.h */ = {isa = PBXFileReference; fileEncoding = 4; lastKnownFileType = sourcecode.c.h; path = MODSetCommand.h; sourceTree = "<group>"; };
		CA9AB674199F43F100108B45 /* MODSetCommand.m */ = {isa = PBXFileReference; fileEncoding = 4; lastKnownFileType = sourcecode.c.objc; path = MODSetCommand.m; sourceTree = "<group>"; };
		CA9AB67719A0763D00108B45 /* SDDataMap.h */ = {isa = PBXFileReference; fileEncoding = 4; lastKnownFileType = sourcecode.c.h; path = SDDataMap.h; sourceTree = "<group>"; };
		CA9AB67819A0763D00108B45 /* SDDataMap.m */ = {isa = PBXFileReference; fileEncoding = 4; lastKnownFileType = sourcecode.c.objc; path = SDDataMap.m; sourceTree = "<group>"; };
		CA9AB67919A0763D00108B45 /* SDModelObject.h */ = {isa = PBXFileReference; fileEncoding = 4; lastKnownFileType = sourcecode.c.h; path = SDModelObject.h; sourceTree = "<group>"; };
		CA9AB67A19A0763D00108B45 /* SDModelObject.m */ = {isa = PBXFileReference; fileEncoding = 4; lastKnownFileType = sourcecode.c.objc; path = SDModelObject.m; sourceTree = "<group>"; };
		CA9AB67D19A0768100108B45 /* NSObject+SDExtensions.h */ = {isa = PBXFileReference; fileEncoding = 4; lastKnownFileType = sourcecode.c.h; path = "NSObject+SDExtensions.h"; sourceTree = "<group>"; };
		CA9AB67E19A0768100108B45 /* NSObject+SDExtensions.m */ = {isa = PBXFileReference; fileEncoding = 4; lastKnownFileType = sourcecode.c.objc; path = "NSObject+SDExtensions.m"; sourceTree = "<group>"; };
		CA9AB68019A076CD00108B45 /* NSDictionary+SDExtensions.h */ = {isa = PBXFileReference; fileEncoding = 4; lastKnownFileType = sourcecode.c.h; path = "NSDictionary+SDExtensions.h"; sourceTree = "<group>"; };
		CA9AB68119A076CD00108B45 /* NSDictionary+SDExtensions.m */ = {isa = PBXFileReference; fileEncoding = 4; lastKnownFileType = sourcecode.c.objc; path = "NSDictionary+SDExtensions.m"; sourceTree = "<group>"; };
		CA9AB68319A077BD00108B45 /* NSString+SDExtensions.h */ = {isa = PBXFileReference; fileEncoding = 4; lastKnownFileType = sourcecode.c.h; path = "NSString+SDExtensions.h"; sourceTree = "<group>"; };
		CA9AB68419A077BD00108B45 /* NSString+SDExtensions.m */ = {isa = PBXFileReference; fileEncoding = 4; lastKnownFileType = sourcecode.c.objc; path = "NSString+SDExtensions.m"; sourceTree = "<group>"; };
		CA9AB68619A077DF00108B45 /* SDLog.h */ = {isa = PBXFileReference; fileEncoding = 4; lastKnownFileType = sourcecode.c.h; path = SDLog.h; sourceTree = "<group>"; };
		CA9AB68719A077DF00108B45 /* SDLog.m */ = {isa = PBXFileReference; fileEncoding = 4; lastKnownFileType = sourcecode.c.objc; path = SDLog.m; sourceTree = "<group>"; };
		CA9AB68919A0783E00108B45 /* NSData+SDExtensions.h */ = {isa = PBXFileReference; fileEncoding = 4; lastKnownFileType = sourcecode.c.h; path = "NSData+SDExtensions.h"; sourceTree = "<group>"; };
		CA9AB68A19A0783E00108B45 /* NSData+SDExtensions.m */ = {isa = PBXFileReference; fileEncoding = 4; lastKnownFileType = sourcecode.c.objc; path = "NSData+SDExtensions.m"; sourceTree = "<group>"; };
		CA9AB68C19A07C5500108B45 /* MODVersionCommand.h */ = {isa = PBXFileReference; fileEncoding = 4; lastKnownFileType = sourcecode.c.h; path = MODVersionCommand.h; sourceTree = "<group>"; };
		CA9AB68D19A07C5500108B45 /* MODVersionCommand.m */ = {isa = PBXFileReference; fileEncoding = 4; lastKnownFileType = sourcecode.c.objc; path = MODVersionCommand.m; sourceTree = "<group>"; };
		CA9AB68F19A07DFA00108B45 /* version.h */ = {isa = PBXFileReference; lastKnownFileType = sourcecode.c.h; path = version.h; sourceTree = "<group>"; };
		CA9AB69019A080C400108B45 /* MODHelpCommand.h */ = {isa = PBXFileReference; fileEncoding = 4; lastKnownFileType = sourcecode.c.h; path = MODHelpCommand.h; sourceTree = "<group>"; };
		CA9AB69119A080C400108B45 /* MODHelpCommand.m */ = {isa = PBXFileReference; fileEncoding = 4; lastKnownFileType = sourcecode.c.objc; path = MODHelpCommand.m; sourceTree = "<group>"; };
		CAE0B81B19A1C1AF00E11FF8 /* MODSpecModel.h */ = {isa = PBXFileReference; fileEncoding = 4; lastKnownFileType = sourcecode.c.h; path = MODSpecModel.h; sourceTree = "<group>"; };
		CAE0B81C19A1C1AF00E11FF8 /* MODSpecModel.m */ = {isa = PBXFileReference; fileEncoding = 4; lastKnownFileType = sourcecode.c.objc; path = MODSpecModel.m; sourceTree = "<group>"; };
		CAE0B82719A1C77100E11FF8 /* MODInitCommand.h */ = {isa = PBXFileReference; fileEncoding = 4; lastKnownFileType = sourcecode.c.h; path = MODInitCommand.h; sourceTree = "<group>"; };
		CAE0B82819A1C77100E11FF8 /* MODInitCommand.m */ = {isa = PBXFileReference; fileEncoding = 4; lastKnownFileType = sourcecode.c.objc; path = MODInitCommand.m; sourceTree = "<group>"; };
		CAE0B82A19A269D500E11FF8 /* MODAddCommand.h */ = {isa = PBXFileReference; fileEncoding = 4; lastKnownFileType = sourcecode.c.h; path = MODAddCommand.h; sourceTree = "<group>"; };
		CAE0B82B19A269D500E11FF8 /* MODAddCommand.m */ = {isa = PBXFileReference; fileEncoding = 4; lastKnownFileType = sourcecode.c.objc; path = MODAddCommand.m; sourceTree = "<group>"; };
		CAFB046219FE3E7B000E2E04 /* NSFileManager+MODExtensions.h */ = {isa = PBXFileReference; fileEncoding = 4; lastKnownFileType = sourcecode.c.h; path = "NSFileManager+MODExtensions.h"; sourceTree = "<group>"; };
		CAFB046319FE3E7B000E2E04 /* NSFileManager+MODExtensions.m */ = {isa = PBXFileReference; fileEncoding = 4; lastKnownFileType = sourcecode.c.objc; path = "NSFileManager+MODExtensions.m"; sourceTree = "<group>"; };
		CAFB04651A00AB7E000E2E04 /* MODBranchCommand.h */ = {isa = PBXFileReference; fileEncoding = 4; lastKnownFileType = sourcecode.c.h; path = MODBranchCommand.h; sourceTree = "<group>"; };
		CAFB04661A00AB7E000E2E04 /* MODBranchCommand.m */ = {isa = PBXFileReference; fileEncoding = 4; lastKnownFileType = sourcecode.c.objc; path = MODBranchCommand.m; sourceTree = "<group>"; };
/* End PBXFileReference section */

/* Begin PBXFrameworksBuildPhase section */
		224150EE1A1A6845003EFB13 /* Frameworks */ = {
			isa = PBXFrameworksBuildPhase;
			buildActionMask = 2147483647;
			files = (
			);
			runOnlyForDeploymentPostprocessing = 0;
		};
		CA44AFEF199E79CB00AE1A15 /* Frameworks */ = {
			isa = PBXFrameworksBuildPhase;
			buildActionMask = 2147483647;
			files = (
			);
			runOnlyForDeploymentPostprocessing = 0;
		};
/* End PBXFrameworksBuildPhase section */

/* Begin PBXGroup section */
		224150F21A1A6845003EFB13 /* modulo-tests */ = {
			isa = PBXGroup;
			children = (
				224150F51A1A6845003EFB13 /* modulo_tests.m */,
				224150F31A1A6845003EFB13 /* Supporting Files */,
				224150FA1A1A68B7003EFB13 /* MODProcessorTest.m */,
			);
			path = "modulo-tests";
			sourceTree = "<group>";
		};
		224150F31A1A6845003EFB13 /* Supporting Files */ = {
			isa = PBXGroup;
			children = (
				224150F41A1A6845003EFB13 /* Info.plist */,
			);
			name = "Supporting Files";
			sourceTree = "<group>";
		};
		CA44AFE9199E79CB00AE1A15 = {
			isa = PBXGroup;
			children = (
				CA44AFF4199E79CB00AE1A15 /* modulo */,
				224150F21A1A6845003EFB13 /* modulo-tests */,
				CA44AFF3199E79CB00AE1A15 /* Products */,
			);
			sourceTree = "<group>";
		};
		CA44AFF3199E79CB00AE1A15 /* Products */ = {
			isa = PBXGroup;
			children = (
				CA44AFF2199E79CB00AE1A15 /* modulo */,
				224150F11A1A6845003EFB13 /* modulo-tests.xctest */,
			);
			name = Products;
			sourceTree = "<group>";
		};
		CA44AFF4199E79CB00AE1A15 /* modulo */ = {
			isa = PBXGroup;
			children = (
				CA46BC0719E10C6800B00BC6 /* Extensions */,
				CA44AFFF199E84AB00AE1A15 /* Configurations */,
				CA9AB67619A0763D00108B45 /* SDModeling */,
				CAE0B81A19A1C17A00E11FF8 /* Spec Model */,
				CA44B003199E84AB00AE1A15 /* Macros */,
				CA9AB66F199F34E800108B45 /* Commands */,
				CA8A56DC19EDB9090053168E /* Utilities */,
				CA44AFF5199E79CB00AE1A15 /* main.m */,
				CA9AB68F19A07DFA00108B45 /* version.h */,
				CA44AFFC199E7B0300AE1A15 /* SDCommandLineParser.h */,
				CA44AFFD199E7B0300AE1A15 /* SDCommandLineParser.m */,
				CA6C006419D9DA6B00803D48 /* MODProcessor.h */,
				CA6C006519D9DA6B00803D48 /* MODProcessor.m */,
			);
			path = modulo;
			sourceTree = "<group>";
		};
		CA44AFFF199E84AB00AE1A15 /* Configurations */ = {
			isa = PBXGroup;
			children = (
				CA44B000199E84AB00AE1A15 /* Global.xcconfig */,
				CA44B001199E84AB00AE1A15 /* Project-Debug.xcconfig */,
				CA44B002199E84AB00AE1A15 /* Project-Release.xcconfig */,
			);
			path = Configurations;
			sourceTree = "<group>";
		};
		CA44B003199E84AB00AE1A15 /* Macros */ = {
			isa = PBXGroup;
			children = (
				CA44B004199E84AB00AE1A15 /* ObjectiveCGenerics.h */,
				CA44B005199E84AB00AE1A15 /* SDMacros.h */,
			);
			path = Macros;
			sourceTree = "<group>";
		};
		CA46BC0719E10C6800B00BC6 /* Extensions */ = {
			isa = PBXGroup;
			children = (
			);
			name = Extensions;
			sourceTree = "<group>";
		};
		CA8A56DC19EDB9090053168E /* Utilities */ = {
			isa = PBXGroup;
			children = (
				CA8A56DD19EDBB990053168E /* NSString+MODExtensions.h */,
				CA8A56DE19EDBB990053168E /* NSString+MODExtensions.m */,
				CAFB046219FE3E7B000E2E04 /* NSFileManager+MODExtensions.h */,
				CAFB046319FE3E7B000E2E04 /* NSFileManager+MODExtensions.m */,
			);
			path = Utilities;
			sourceTree = "<group>";
		};
		CA9AB66F199F34E800108B45 /* Commands */ = {
			isa = PBXGroup;
			children = (
				CA9AB670199F352000108B45 /* MODCommand.h */,
				CA9AB671199F352000108B45 /* MODCommand.m */,
				CA9AB68C19A07C5500108B45 /* MODVersionCommand.h */,
				CA9AB68D19A07C5500108B45 /* MODVersionCommand.m */,
				CA9AB69019A080C400108B45 /* MODHelpCommand.h */,
				CA9AB69119A080C400108B45 /* MODHelpCommand.m */,
				CA9AB673199F43F100108B45 /* MODSetCommand.h */,
				CA9AB674199F43F100108B45 /* MODSetCommand.m */,
				CAE0B82719A1C77100E11FF8 /* MODInitCommand.h */,
				CAE0B82819A1C77100E11FF8 /* MODInitCommand.m */,
				CAE0B82A19A269D500E11FF8 /* MODAddCommand.h */,
				CAE0B82B19A269D500E11FF8 /* MODAddCommand.m */,
				CA6C005D19D7456400803D48 /* MODRemoveCommand.h */,
				CA6C005E19D7456400803D48 /* MODRemoveCommand.m */,
				CA6C006719DB2C4700803D48 /* MODUpdateCommand.h */,
				CA6C006819DB2C4700803D48 /* MODUpdateCommand.m */,
				CAFB04651A00AB7E000E2E04 /* MODBranchCommand.h */,
				CAFB04661A00AB7E000E2E04 /* MODBranchCommand.m */,
				CA6B80EA1A080F6B00A77CF2 /* MODListCommand.h */,
				CA6B80EB1A080F6B00A77CF2 /* MODListCommand.m */,
			);
			path = Commands;
			sourceTree = "<group>";
		};
		CA9AB67619A0763D00108B45 /* SDModeling */ = {
			isa = PBXGroup;
			children = (
				CA9AB68619A077DF00108B45 /* SDLog.h */,
				CA9AB68719A077DF00108B45 /* SDLog.m */,
				CA9AB68319A077BD00108B45 /* NSString+SDExtensions.h */,
				CA9AB68419A077BD00108B45 /* NSString+SDExtensions.m */,
				CA9AB68919A0783E00108B45 /* NSData+SDExtensions.h */,
				CA9AB68A19A0783E00108B45 /* NSData+SDExtensions.m */,
				CA9AB68019A076CD00108B45 /* NSDictionary+SDExtensions.h */,
				CA9AB68119A076CD00108B45 /* NSDictionary+SDExtensions.m */,
				CA9AB67D19A0768100108B45 /* NSObject+SDExtensions.h */,
				CA9AB67E19A0768100108B45 /* NSObject+SDExtensions.m */,
				CA9AB67719A0763D00108B45 /* SDDataMap.h */,
				CA9AB67819A0763D00108B45 /* SDDataMap.m */,
				CA9AB67919A0763D00108B45 /* SDModelObject.h */,
				CA9AB67A19A0763D00108B45 /* SDModelObject.m */,
			);
			path = SDModeling;
			sourceTree = "<group>";
		};
		CAE0B81A19A1C17A00E11FF8 /* Spec Model */ = {
			isa = PBXGroup;
			children = (
				CAE0B81B19A1C1AF00E11FF8 /* MODSpecModel.h */,
				CAE0B81C19A1C1AF00E11FF8 /* MODSpecModel.m */,
			);
			name = "Spec Model";
			sourceTree = "<group>";
		};
/* End PBXGroup section */

/* Begin PBXNativeTarget section */
		224150F01A1A6845003EFB13 /* modulo-tests */ = {
			isa = PBXNativeTarget;
			buildConfigurationList = 224150F71A1A6845003EFB13 /* Build configuration list for PBXNativeTarget "modulo-tests" */;
			buildPhases = (
				224150ED1A1A6845003EFB13 /* Sources */,
				224150EE1A1A6845003EFB13 /* Frameworks */,
				224150EF1A1A6845003EFB13 /* Resources */,
			);
			buildRules = (
			);
			dependencies = (
			);
			name = "modulo-tests";
			productName = "modulo-tests";
			productReference = 224150F11A1A6845003EFB13 /* modulo-tests.xctest */;
			productType = "com.apple.product-type.bundle.unit-test";
		};
		CA44AFF1199E79CB00AE1A15 /* modulo */ = {
			isa = PBXNativeTarget;
			buildConfigurationList = CA44AFF9199E79CB00AE1A15 /* Build configuration list for PBXNativeTarget "modulo" */;
			buildPhases = (
				CA44AFEE199E79CB00AE1A15 /* Sources */,
				CA44AFEF199E79CB00AE1A15 /* Frameworks */,
				CA44AFF0199E79CB00AE1A15 /* CopyFiles */,
			);
			buildRules = (
			);
			dependencies = (
			);
			name = modulo;
			productName = modulo;
			productReference = CA44AFF2199E79CB00AE1A15 /* modulo */;
			productType = "com.apple.product-type.tool";
		};
/* End PBXNativeTarget section */

/* Begin PBXProject section */
		CA44AFEA199E79CB00AE1A15 /* Project object */ = {
			isa = PBXProject;
			attributes = {
				LastUpgradeCheck = 0600;
				ORGANIZATIONNAME = SetDirection;
				TargetAttributes = {
					224150F01A1A6845003EFB13 = {
						CreatedOnToolsVersion = 6.1;
					};
					CA44AFF1199E79CB00AE1A15 = {
						CreatedOnToolsVersion = 6.0;
					};
				};
			};
			buildConfigurationList = CA44AFED199E79CB00AE1A15 /* Build configuration list for PBXProject "modulo" */;
			compatibilityVersion = "Xcode 3.2";
			developmentRegion = English;
			hasScannedForEncodings = 0;
			knownRegions = (
				en,
			);
			mainGroup = CA44AFE9199E79CB00AE1A15;
			productRefGroup = CA44AFF3199E79CB00AE1A15 /* Products */;
			projectDirPath = "";
			projectRoot = "";
			targets = (
				CA44AFF1199E79CB00AE1A15 /* modulo */,
				224150F01A1A6845003EFB13 /* modulo-tests */,
			);
		};
/* End PBXProject section */

/* Begin PBXResourcesBuildPhase section */
		224150EF1A1A6845003EFB13 /* Resources */ = {
			isa = PBXResourcesBuildPhase;
			buildActionMask = 2147483647;
			files = (
			);
			runOnlyForDeploymentPostprocessing = 0;
		};
/* End PBXResourcesBuildPhase section */

/* Begin PBXSourcesBuildPhase section */
		224150ED1A1A6845003EFB13 /* Sources */ = {
			isa = PBXSourcesBuildPhase;
			buildActionMask = 2147483647;
			files = (
				2241510E1A1A8B79003EFB13 /* MODRemoveCommand.m in Sources */,
				224151001A1A8B5C003EFB13 /* NSString+SDExtensions.m in Sources */,
				224150FE1A1A8B2E003EFB13 /* SDCommandLineParser.m in Sources */,
				2241510D1A1A8B79003EFB13 /* MODAddCommand.m in Sources */,
				224151101A1A8B79003EFB13 /* MODBranchCommand.m in Sources */,
				224150F61A1A6845003EFB13 /* modulo_tests.m in Sources */,
				224151091A1A8B79003EFB13 /* MODVersionCommand.m in Sources */,
				224151021A1A8B5C003EFB13 /* NSDictionary+SDExtensions.m in Sources */,
				224150FD1A1A8B29003EFB13 /* MODSpecModel.m in Sources */,
				224151081A1A8B79003EFB13 /* MODCommand.m in Sources */,
				2241510B1A1A8B79003EFB13 /* MODSetCommand.m in Sources */,
				2241510C1A1A8B79003EFB13 /* MODInitCommand.m in Sources */,
				224151061A1A8B67003EFB13 /* NSString+MODExtensions.m in Sources */,
				224151051A1A8B5C003EFB13 /* SDModelObject.m in Sources */,
				224151111A1A8B79003EFB13 /* MODListCommand.m in Sources */,
				224151041A1A8B5C003EFB13 /* SDDataMap.m in Sources */,
				224150FF1A1A8B5C003EFB13 /* SDLog.m in Sources */,
				224151071A1A8B67003EFB13 /* NSFileManager+MODExtensions.m in Sources */,
				224151011A1A8B5C003EFB13 /* NSData+SDExtensions.m in Sources */,
				2241510A1A1A8B79003EFB13 /* MODHelpCommand.m in Sources */,
				224150FC1A1A8B1A003EFB13 /* MODProcessor.m in Sources */,
				224151031A1A8B5C003EFB13 /* NSObject+SDExtensions.m in Sources */,
				224150FB1A1A68B7003EFB13 /* MODProcessorTest.m in Sources */,
				2241510F1A1A8B79003EFB13 /* MODUpdateCommand.m in Sources */,
			);
			runOnlyForDeploymentPostprocessing = 0;
		};
		CA44AFEE199E79CB00AE1A15 /* Sources */ = {
			isa = PBXSourcesBuildPhase;
			buildActionMask = 2147483647;
			files = (
				CA6C005F19D7456400803D48 /* MODRemoveCommand.m in Sources */,
				CA9AB67B19A0763D00108B45 /* SDDataMap.m in Sources */,
				CA44AFFE199E7B0300AE1A15 /* SDCommandLineParser.m in Sources */,
				CA6C006619D9DA6B00803D48 /* MODProcessor.m in Sources */,
				CAE0B82C19A269D500E11FF8 /* MODAddCommand.m in Sources */,
				CAE0B82919A1C77100E11FF8 /* MODInitCommand.m in Sources */,
				CA9AB675199F43F100108B45 /* MODSetCommand.m in Sources */,
				CA6C006919DB2C4700803D48 /* MODUpdateCommand.m in Sources */,
				CA9AB68E19A07C5500108B45 /* MODVersionCommand.m in Sources */,
				CAFB046419FE3E7B000E2E04 /* NSFileManager+MODExtensions.m in Sources */,
				CA44AFF6199E79CB00AE1A15 /* main.m in Sources */,
				CA9AB672199F352000108B45 /* MODCommand.m in Sources */,
				CA9AB69219A080C400108B45 /* MODHelpCommand.m in Sources */,
				CA9AB68819A077DF00108B45 /* SDLog.m in Sources */,
				CA6B80EC1A080F6B00A77CF2 /* MODListCommand.m in Sources */,
				CA9AB67C19A0763D00108B45 /* SDModelObject.m in Sources */,
				CA8A56DF19EDBB990053168E /* NSString+MODExtensions.m in Sources */,
				CA9AB67F19A0768100108B45 /* NSObject+SDExtensions.m in Sources */,
				CA9AB68219A076CD00108B45 /* NSDictionary+SDExtensions.m in Sources */,
				CAFB04671A00AB7E000E2E04 /* MODBranchCommand.m in Sources */,
				CAE0B81D19A1C1AF00E11FF8 /* MODSpecModel.m in Sources */,
				CA9AB68519A077BD00108B45 /* NSString+SDExtensions.m in Sources */,
				CA9AB68B19A0783E00108B45 /* NSData+SDExtensions.m in Sources */,
			);
			runOnlyForDeploymentPostprocessing = 0;
		};
/* End PBXSourcesBuildPhase section */

/* Begin XCBuildConfiguration section */
		224150F81A1A6845003EFB13 /* Debug */ = {
			isa = XCBuildConfiguration;
			buildSettings = {
				CODE_SIGN_IDENTITY = "";
				COMBINE_HIDPI_IMAGES = YES;
				FRAMEWORK_SEARCH_PATHS = (
					"$(DEVELOPER_FRAMEWORKS_DIR)",
					"$(inherited)",
				);
				GCC_PREPROCESSOR_DEFINITIONS = (
					"DEBUG=1",
					"$(inherited)",
				);
				INFOPLIST_FILE = "modulo-tests/Info.plist";
				LD_RUNPATH_SEARCH_PATHS = "$(inherited) @executable_path/../Frameworks @loader_path/../Frameworks";
				PRODUCT_NAME = "$(TARGET_NAME)";
			};
			name = Debug;
		};
		224150F91A1A6845003EFB13 /* Release */ = {
			isa = XCBuildConfiguration;
			buildSettings = {
				COMBINE_HIDPI_IMAGES = YES;
				FRAMEWORK_SEARCH_PATHS = (
					"$(DEVELOPER_FRAMEWORKS_DIR)",
					"$(inherited)",
				);
				INFOPLIST_FILE = "modulo-tests/Info.plist";
				LD_RUNPATH_SEARCH_PATHS = "$(inherited) @executable_path/../Frameworks @loader_path/../Frameworks";
				PRODUCT_NAME = "$(TARGET_NAME)";
			};
			name = Release;
		};
		CA44AFF7199E79CB00AE1A15 /* Debug */ = {
			isa = XCBuildConfiguration;
			baseConfigurationReference = CA44B001199E84AB00AE1A15 /* Project-Debug.xcconfig */;
			buildSettings = {
				ALWAYS_SEARCH_USER_PATHS = NO;
				CLANG_CXX_LANGUAGE_STANDARD = "gnu++0x";
				CLANG_CXX_LIBRARY = "libc++";
				CLANG_ENABLE_MODULES = YES;
				CLANG_ENABLE_OBJC_ARC = YES;
				CLANG_WARN_BOOL_CONVERSION = YES;
				CLANG_WARN_CONSTANT_CONVERSION = YES;
				CLANG_WARN_DIRECT_OBJC_ISA_USAGE = YES_ERROR;
				CLANG_WARN_EMPTY_BODY = YES;
				CLANG_WARN_ENUM_CONVERSION = YES;
				CLANG_WARN_INT_CONVERSION = YES;
				CLANG_WARN_OBJC_ROOT_CLASS = YES_ERROR;
				CLANG_WARN_UNREACHABLE_CODE = YES;
				CLANG_WARN__DUPLICATE_METHOD_MATCH = YES;
				COPY_PHASE_STRIP = NO;
				ENABLE_STRICT_OBJC_MSGSEND = YES;
				GCC_C_LANGUAGE_STANDARD = gnu99;
				GCC_DYNAMIC_NO_PIC = NO;
				GCC_OPTIMIZATION_LEVEL = 0;
				GCC_PREPROCESSOR_DEFINITIONS = (
					"DEBUG=1",
					"$(inherited)",
				);
				GCC_SYMBOLS_PRIVATE_EXTERN = NO;
				GCC_WARN_64_TO_32_BIT_CONVERSION = YES;
				GCC_WARN_ABOUT_RETURN_TYPE = YES_ERROR;
				GCC_WARN_UNDECLARED_SELECTOR = YES;
				GCC_WARN_UNINITIALIZED_AUTOS = YES_AGGRESSIVE;
				GCC_WARN_UNUSED_FUNCTION = YES;
				GCC_WARN_UNUSED_VARIABLE = YES;
				MACOSX_DEPLOYMENT_TARGET = 10.10;
				MTL_ENABLE_DEBUG_INFO = YES;
				ONLY_ACTIVE_ARCH = YES;
				SDKROOT = macosx;
			};
			name = Debug;
		};
		CA44AFF8199E79CB00AE1A15 /* Release */ = {
			isa = XCBuildConfiguration;
			baseConfigurationReference = CA44B002199E84AB00AE1A15 /* Project-Release.xcconfig */;
			buildSettings = {
				ALWAYS_SEARCH_USER_PATHS = NO;
				CLANG_CXX_LANGUAGE_STANDARD = "gnu++0x";
				CLANG_CXX_LIBRARY = "libc++";
				CLANG_ENABLE_MODULES = YES;
				CLANG_ENABLE_OBJC_ARC = YES;
				CLANG_WARN_BOOL_CONVERSION = YES;
				CLANG_WARN_CONSTANT_CONVERSION = YES;
				CLANG_WARN_DIRECT_OBJC_ISA_USAGE = YES_ERROR;
				CLANG_WARN_EMPTY_BODY = YES;
				CLANG_WARN_ENUM_CONVERSION = YES;
				CLANG_WARN_INT_CONVERSION = YES;
				CLANG_WARN_OBJC_ROOT_CLASS = YES_ERROR;
				CLANG_WARN_UNREACHABLE_CODE = YES;
				CLANG_WARN__DUPLICATE_METHOD_MATCH = YES;
				COPY_PHASE_STRIP = YES;
				DEBUG_INFORMATION_FORMAT = "dwarf-with-dsym";
				ENABLE_NS_ASSERTIONS = NO;
				ENABLE_STRICT_OBJC_MSGSEND = YES;
				GCC_C_LANGUAGE_STANDARD = gnu99;
				GCC_WARN_64_TO_32_BIT_CONVERSION = YES;
				GCC_WARN_ABOUT_RETURN_TYPE = YES_ERROR;
				GCC_WARN_UNDECLARED_SELECTOR = YES;
				GCC_WARN_UNINITIALIZED_AUTOS = YES_AGGRESSIVE;
				GCC_WARN_UNUSED_FUNCTION = YES;
				GCC_WARN_UNUSED_VARIABLE = YES;
				MACOSX_DEPLOYMENT_TARGET = 10.10;
				MTL_ENABLE_DEBUG_INFO = NO;
				SDKROOT = macosx;
			};
			name = Release;
		};
		CA44AFFA199E79CB00AE1A15 /* Debug */ = {
			isa = XCBuildConfiguration;
			baseConfigurationReference = CA44B001199E84AB00AE1A15 /* Project-Debug.xcconfig */;
			buildSettings = {
				CODE_SIGN_IDENTITY = "";
				PRODUCT_NAME = "$(TARGET_NAME)";
			};
			name = Debug;
		};
		CA44AFFB199E79CB00AE1A15 /* Release */ = {
			isa = XCBuildConfiguration;
			baseConfigurationReference = CA44B002199E84AB00AE1A15 /* Project-Release.xcconfig */;
			buildSettings = {
				PRODUCT_NAME = "$(TARGET_NAME)";
			};
			name = Release;
		};
/* End XCBuildConfiguration section */

/* Begin XCConfigurationList section */
		224150F71A1A6845003EFB13 /* Build configuration list for PBXNativeTarget "modulo-tests" */ = {
			isa = XCConfigurationList;
			buildConfigurations = (
				224150F81A1A6845003EFB13 /* Debug */,
				224150F91A1A6845003EFB13 /* Release */,
			);
			defaultConfigurationIsVisible = 0;
		};
		CA44AFED199E79CB00AE1A15 /* Build configuration list for PBXProject "modulo" */ = {
			isa = XCConfigurationList;
			buildConfigurations = (
				CA44AFF7199E79CB00AE1A15 /* Debug */,
				CA44AFF8199E79CB00AE1A15 /* Release */,
			);
			defaultConfigurationIsVisible = 0;
			defaultConfigurationName = Release;
		};
		CA44AFF9199E79CB00AE1A15 /* Build configuration list for PBXNativeTarget "modulo" */ = {
			isa = XCConfigurationList;
			buildConfigurations = (
				CA44AFFA199E79CB00AE1A15 /* Debug */,
				CA44AFFB199E79CB00AE1A15 /* Release */,
			);
			defaultConfigurationIsVisible = 0;
			defaultConfigurationName = Release;
		};
/* End XCConfigurationList section */
	};
	rootObject = CA44AFEA199E79CB00AE1A15 /* Project object */;
}
